
Microsoft Visual Studio Solution File, Format Version 12.00
# Visual Studio Version 17
VisualStudioVersion = 17.9.34723.18
MinimumVisualStudioVersion = 10.0.40219.1
Project("{9A19103F-16F7-4668-BE54-9A1E7A4F7556}") = "ReactWebManual.Server", "ReactWebManual.Server\ReactWebManual.Server.csproj", "{9DD77818-6BCC-4090-9271-DB7BA0C1A515}"
EndProject
Project("{54A90642-561A-4BB1-A94E-469ADEE60C69}") = "reactwebmanual.client", "reactwebmanual.client\reactwebmanual.client.esproj", "{2945E3B2-E3AE-4F49-9D04-D4736E192B3D}"
EndProject
Project("{FAE04EC0-301F-11D3-BF4B-00C04F79EFBC}") = "WorkerStore.DataAccess", "WorkerStore.DataAccess\WorkerStore.DataAccess.csproj", "{893BB498-AA24-4AE0-B93C-C031C7AEE07B}"
EndProject
Global
	GlobalSection(SolutionConfigurationPlatforms) = preSolution
		Debug|Any CPU = Debug|Any CPU
		Release|Any CPU = Release|Any CPU
	EndGlobalSection
	GlobalSection(ProjectConfigurationPlatforms) = postSolution
		{9DD77818-6BCC-4090-9271-DB7BA0C1A515}.Debug|Any CPU.ActiveCfg = Debug|Any CPU
		{9DD77818-6BCC-4090-9271-DB7BA0C1A515}.Debug|Any CPU.Build.0 = Debug|Any CPU
		{9DD77818-6BCC-4090-9271-DB7BA0C1A515}.Release|Any CPU.ActiveCfg = Release|Any CPU
		{9DD77818-6BCC-4090-9271-DB7BA0C1A515}.Release|Any CPU.Build.0 = Release|Any CPU
		{2945E3B2-E3AE-4F49-9D04-D4736E192B3D}.Debug|Any CPU.ActiveCfg = Debug|Any CPU
		{2945E3B2-E3AE-4F49-9D04-D4736E192B3D}.Debug|Any CPU.Build.0 = Debug|Any CPU
		{2945E3B2-E3AE-4F49-9D04-D4736E192B3D}.Debug|Any CPU.Deploy.0 = Debug|Any CPU
		{2945E3B2-E3AE-4F49-9D04-D4736E192B3D}.Release|Any CPU.ActiveCfg = Release|Any CPU
		{2945E3B2-E3AE-4F49-9D04-D4736E192B3D}.Release|Any CPU.Build.0 = Release|Any CPU
		{2945E3B2-E3AE-4F49-9D04-D4736E192B3D}.Release|Any CPU.Deploy.0 = Release|Any CPU
		{893BB498-AA24-4AE0-B93C-C031C7AEE07B}.Debug|Any CPU.ActiveCfg = Debug|Any CPU
		{893BB498-AA24-4AE0-B93C-C031C7AEE07B}.Debug|Any CPU.Build.0 = Debug|Any CPU
		{893BB498-AA24-4AE0-B93C-C031C7AEE07B}.Release|Any CPU.ActiveCfg = Release|Any CPU
		{893BB498-AA24-4AE0-B93C-C031C7AEE07B}.Release|Any CPU.Build.0 = Release|Any CPU
	EndGlobalSection
	GlobalSection(SolutionProperties) = preSolution
		HideSolutionNode = FALSE
	EndGlobalSection
	GlobalSection(ExtensibilityGlobals) = postSolution
		SolutionGuid = {61AE3268-4D78-446E-85DF-9E847AFD2C0D}
	EndGlobalSection
EndGlobal
